// !$*UTF8*$!
{
	archiveVersion = 1;
	classes = {
	};
	objectVersion = 46;
	objects = {

/* Begin PBXBuildFile section */
		D7B350391F5E24CF00CDFC3B /* AppDelegate.swift in Sources */ = {isa = PBXBuildFile; fileRef = D7B350381F5E24CF00CDFC3B /* AppDelegate.swift */; };
		D7B3503B1F5E24CF00CDFC3B /* ViewController.swift in Sources */ = {isa = PBXBuildFile; fileRef = D7B3503A1F5E24CF00CDFC3B /* ViewController.swift */; };
		D7B3503E1F5E24CF00CDFC3B /* Main.storyboard in Resources */ = {isa = PBXBuildFile; fileRef = D7B3503C1F5E24CF00CDFC3B /* Main.storyboard */; };
		D7B350411F5E24CF00CDFC3B /* DreamLister.xcdatamodeld in Sources */ = {isa = PBXBuildFile; fileRef = D7B3503F1F5E24CF00CDFC3B /* DreamLister.xcdatamodeld */; };
		D7B350431F5E24CF00CDFC3B /* Assets.xcassets in Resources */ = {isa = PBXBuildFile; fileRef = D7B350421F5E24CF00CDFC3B /* Assets.xcassets */; };
		D7B350461F5E24CF00CDFC3B /* LaunchScreen.storyboard in Resources */ = {isa = PBXBuildFile; fileRef = D7B350441F5E24CF00CDFC3B /* LaunchScreen.storyboard */; };
/* End PBXBuildFile section */

/* Begin PBXFileReference section */
		D7B350351F5E24CF00CDFC3B /* DreamLister.app */ = {isa = PBXFileReference; explicitFileType = wrapper.application; includeInIndex = 0; path = DreamLister.app; sourceTree = BUILT_PRODUCTS_DIR; };
		D7B350381F5E24CF00CDFC3B /* AppDelegate.swift */ = {isa = PBXFileReference; lastKnownFileType = sourcecode.swift; path = AppDelegate.swift; sourceTree = "<group>"; };
		D7B3503A1F5E24CF00CDFC3B /* ViewController.swift */ = {isa = PBXFileReference; lastKnownFileType = sourcecode.swift; path = ViewController.swift; sourceTree = "<group>"; };
		D7B3503D1F5E24CF00CDFC3B /* Base */ = {isa = PBXFileReference; lastKnownFileType = file.storyboard; name = Base; path = Base.lproj/Main.storyboard; sourceTree = "<group>"; };
		D7B350401F5E24CF00CDFC3B /* DreamLister.xcdatamodel */ = {isa = PBXFileReference; lastKnownFileType = wrapper.xcdatamodel; path = DreamLister.xcdatamodel; sourceTree = "<group>"; };
		D7B350421F5E24CF00CDFC3B /* Assets.xcassets */ = {isa = PBXFileReference; lastKnownFileType = folder.assetcatalog; path = Assets.xcassets; sourceTree = "<group>"; };
		D7B350451F5E24CF00CDFC3B /* Base */ = {isa = PBXFileReference; lastKnownFileType = file.storyboard; name = Base; path = Base.lproj/LaunchScreen.storyboard; sourceTree = "<group>"; };
		D7B350471F5E24CF00CDFC3B /* Info.plist */ = {isa = PBXFileReference; lastKnownFileType = text.plist.xml; path = Info.plist; sourceTree = "<group>"; };
/* End PBXFileReference section */

/* Begin PBXFrameworksBuildPhase section */
		D7B350321F5E24CF00CDFC3B /* Frameworks */ = {
			isa = PBXFrameworksBuildPhase;
			buildActionMask = 2147483647;
			files = (
			);
			runOnlyForDeploymentPostprocessing = 0;
		};
/* End PBXFrameworksBuildPhase section */

/* Begin PBXGroup section */
		D7B3502C1F5E24CF00CDFC3B = {
			isa = PBXGroup;
			children = (
				D7B350371F5E24CF00CDFC3B /* DreamLister */,
				D7B350361F5E24CF00CDFC3B /* Products */,
			);
			sourceTree = "<group>";
		};
		D7B350361F5E24CF00CDFC3B /* Products */ = {
			isa = PBXGroup;
			children = (
				D7B350351F5E24CF00CDFC3B /* DreamLister.app */,
			);
			name = Products;
			sourceTree = "<group>";
		};
		D7B350371F5E24CF00CDFC3B /* DreamLister */ = {
			isa = PBXGroup;
			children = (
				D7B350381F5E24CF00CDFC3B /* AppDelegate.swift */,
				D7B3503A1F5E24CF00CDFC3B /* ViewController.swift */,
				D7B3503C1F5E24CF00CDFC3B /* Main.storyboard */,
				D7B350421F5E24CF00CDFC3B /* Assets.xcassets */,
				D7B350441F5E24CF00CDFC3B /* LaunchScreen.storyboard */,
				D7B350471F5E24CF00CDFC3B /* Info.plist */,
				D7B3503F1F5E24CF00CDFC3B /* DreamLister.xcdatamodeld */,
			);
			path = DreamLister;
			sourceTree = "<group>";
		};
/* End PBXGroup section */

/* Begin PBXNativeTarget section */
		D7B350341F5E24CF00CDFC3B /* DreamLister */ = {
			isa = PBXNativeTarget;
			buildConfigurationList = D7B3504A1F5E24CF00CDFC3B /* Build configuration list for PBXNativeTarget "DreamLister" */;
			buildPhases = (
				D7B350311F5E24CF00CDFC3B /* Sources */,
				D7B350321F5E24CF00CDFC3B /* Frameworks */,
				D7B350331F5E24CF00CDFC3B /* Resources */,
			);
			buildRules = (
			);
			dependencies = (
			);
			name = DreamLister;
			productName = DreamLister;
			productReference = D7B350351F5E24CF00CDFC3B /* DreamLister.app */;
			productType = "com.apple.product-type.application";
		};
/* End PBXNativeTarget section */

/* Begin PBXProject section */
		D7B3502D1F5E24CF00CDFC3B /* Project object */ = {
			isa = PBXProject;
			attributes = {
				LastSwiftUpdateCheck = 0830;
				LastUpgradeCheck = 0830;
				ORGANIZATIONNAME = "Romeo Enso";
				TargetAttributes = {
					D7B350341F5E24CF00CDFC3B = {
						CreatedOnToolsVersion = 8.3.3;
						ProvisioningStyle = Automatic;
					};
				};
			};
			buildConfigurationList = D7B350301F5E24CF00CDFC3B /* Build configuration list for PBXProject "DreamLister" */;
			compatibilityVersion = "Xcode 3.2";
			developmentRegion = English;
			hasScannedForEncodings = 0;
			knownRegions = (
				en,
				Base,
			);
			mainGroup = D7B3502C1F5E24CF00CDFC3B;
			productRefGroup = D7B350361F5E24CF00CDFC3B /* Products */;
			projectDirPath = "";
			projectRoot = "";
			targets = (
				D7B350341F5E24CF00CDFC3B /* DreamLister */,
			);
		};
/* End PBXProject section */

/* Begin PBXResourcesBuildPhase section */
		D7B350331F5E24CF00CDFC3B /* Resources */ = {
			isa = PBXResourcesBuildPhase;
			buildActionMask = 2147483647;
			files = (
				D7B350461F5E24CF00CDFC3B /* LaunchScreen.storyboard in Resources */,
				D7B350431F5E24CF00CDFC3B /* Assets.xcassets in Resources */,
				D7B3503E1F5E24CF00CDFC3B /* Main.storyboard in Resources */,
			);
			runOnlyForDeploymentPostprocessing = 0;
		};
/* End PBXResourcesBuildPhase section */

/* Begin PBXSourcesBuildPhase section */
		D7B350311F5E24CF00CDFC3B /* Sources */ = {
			isa = PBXSourcesBuildPhase;
			buildActionMask = 2147483647;
			files = (
				D7B3503B1F5E24CF00CDFC3B /* ViewController.swift in Sources */,
				D7B350391F5E24CF00CDFC3B /* AppDelegate.swift in Sources */,
				D7B350411F5E24CF00CDFC3B /* DreamLister.xcdatamodeld in Sources */,
			);
			runOnlyForDeploymentPostprocessing = 0;
		};
/* End PBXSourcesBuildPhase section */

/* Begin PBXVariantGroup section */
		D7B3503C1F5E24CF00CDFC3B /* Main.storyboard */ = {
			isa = PBXVariantGroup;
			children = (
				D7B3503D1F5E24CF00CDFC3B /* Base */,
			);
			name = Main.storyboard;
			sourceTree = "<group>";
		};
		D7B350441F5E24CF00CDFC3B /* LaunchScreen.storyboard */ = {
			isa = PBXVariantGroup;
			children = (
				D7B350451F5E24CF00CDFC3B /* Base */,
			);
			name = LaunchScreen.storyboard;
			sourceTree = "<group>";
		};
/* End PBXVariantGroup section */

/* Begin XCBuildConfiguration section */
		D7B350481F5E24CF00CDFC3B /* Debug */ = {
			isa = XCBuildConfiguration;
			buildSettings = {
				ALWAYS_SEARCH_USER_PATHS = NO;
				CLANG_ANALYZER_NONNULL = YES;
				CLANG_ANALYZER_NUMBER_OBJECT_CONVERSION = YES_AGGRESSIVE;
				CLANG_CXX_LANGUAGE_STANDARD = "gnu++0x";
				CLANG_CXX_LIBRARY = "libc++";
				CLANG_ENABLE_MODULES = YES;
				CLANG_ENABLE_OBJC_ARC = YES;
				CLANG_WARN_BOOL_CONVERSION = YES;
				CLANG_WARN_CONSTANT_CONVERSION = YES;
				CLANG_WARN_DIRECT_OBJC_ISA_USAGE = YES_ERROR;
				CLANG_WARN_DOCUMENTATION_COMMENTS = YES;
				CLANG_WARN_EMPTY_BODY = YES;
				CLANG_WARN_ENUM_CONVERSION = YES;
				CLANG_WARN_INFINITE_RECURSION = YES;
				CLANG_WARN_INT_CONVERSION = YES;
				CLANG_WARN_OBJC_ROOT_CLASS = YES_ERROR;
				CLANG_WARN_SUSPICIOUS_MOVE = YES;
				CLANG_WARN_UNREACHABLE_CODE = YES;
				CLANG_WARN__DUPLICATE_METHOD_MATCH = YES;
				"CODE_SIGN_IDENTITY[sdk=iphoneos*]" = "iPhone Developer";
				COPY_PHASE_STRIP = NO;
				DEBUG_INFORMATION_FORMAT = dwarf;
				ENABLE_STRICT_OBJC_MSGSEND = YES;
				ENABLE_TESTABILITY = YES;
				GCC_C_LANGUAGE_STANDARD = gnu99;
				GCC_DYNAMIC_NO_PIC = NO;
				GCC_NO_COMMON_BLOCKS = YES;
				GCC_OPTIMIZATION_LEVEL = 0;
				GCC_PREPROCESSOR_DEFINITIONS = (
					"DEBUG=1",
					"$(inherited)",
				);
				GCC_WARN_64_TO_32_BIT_CONVERSION = YES;
				GCC_WARN_ABOUT_RETURN_TYPE = YES_ERROR;
				GCC_WARN_UNDECLARED_SELECTOR = YES;
				GCC_WARN_UNINITIALIZED_AUTOS = YES_AGGRESSIVE;
				GCC_WARN_UNUSED_FUNCTION = YES;
				GCC_WARN_UNUSED_VARIABLE = YES;
				IPHONEOS_DEPLOYMENT_TARGET = 10.3;
				MTL_ENABLE_DEBUG_INFO = YES;
				ONLY_ACTIVE_ARCH = YES;
				SDKROOT = iphoneos;
				SWIFT_ACTIVE_COMPILATION_CONDITIONS = DEBUG;
				SWIFT_OPTIMIZATION_LEVEL = "-Onone";
				TARGETED_DEVICE_FAMILY = "1,2";
			};
			name = Debug;
		};
		D7B350491F5E24CF00CDFC3B /* Release */ = {
			isa = XCBuildConfiguration;
			buildSettings = {
				ALWAYS_SEARCH_USER_PATHS = NO;
				CLANG_ANALYZER_NONNULL = YES;
				CLANG_ANALYZER_NUMBER_OBJECT_CONVERSION = YES_AGGRESSIVE;
				CLANG_CXX_LANGUAGE_STANDARD = "gnu++0x";
				CLANG_CXX_LIBRARY = "libc++";
				CLANG_ENABLE_MODULES = YES;
				CLANG_ENABLE_OBJC_ARC = YES;
				CLANG_WARN_BOOL_CONVERSION = YES;
				CLANG_WARN_CONSTANT_CONVERSION = YES;
				CLANG_WARN_DIRECT_OBJC_ISA_USAGE = YES_ERROR;
				CLANG_WARN_DOCUMENTATION_COMMENTS = YES;
				CLANG_WARN_EMPTY_BODY = YES;
				CLANG_WARN_ENUM_CONVERSION = YES;
				CLANG_WARN_INFINITE_RECURSION = YES;
				CLANG_WARN_INT_CONVERSION = YES;
				CLANG_WARN_OBJC_ROOT_CLASS = YES_ERROR;
				CLANG_WARN_SUSPICIOUS_MOVE = YES;
				CLANG_WARN_UNREACHABLE_CODE = YES;
				CLANG_WARN__DUPLICATE_METHOD_MATCH = YES;
				"CODE_SIGN_IDENTITY[sdk=iphoneos*]" = "iPhone Developer";
				COPY_PHASE_STRIP = NO;
				DEBUG_INFORMATION_FORMAT = "dwarf-with-dsym";
				ENABLE_NS_ASSERTIONS = NO;
				ENABLE_STRICT_OBJC_MSGSEND = YES;
				GCC_C_LANGUAGE_STANDARD = gnu99;
				GCC_NO_COMMON_BLOCKS = YES;
				GCC_WARN_64_TO_32_BIT_CONVERSION = YES;
				GCC_WARN_ABOUT_RETURN_TYPE = YES_ERROR;
				GCC_WARN_UNDECLARED_SELECTOR = YES;
				GCC_WARN_UNINITIALIZED_AUTOS = YES_AGGRESSIVE;
				GCC_WARN_UNUSED_FUNCTION = YES;
				GCC_WARN_UNUSED_VARIABLE = YES;
				IPHONEOS_DEPLOYMENT_TARGET = 10.3;
				MTL_ENABLE_DEBUG_INFO = NO;
				SDKROOT = iphoneos;
				SWIFT_OPTIMIZATION_LEVEL = "-Owholemodule";
				TARGETED_DEVICE_FAMILY = "1,2";
				VALIDATE_PRODUCT = YES;
			};
			name = Release;
		};
		D7B3504B1F5E24CF00CDFC3B /* Debug */ = {
			isa = XCBuildConfiguration;
			buildSettings = {
				ASSETCATALOG_COMPILER_APPICON_NAME = AppIcon;
				INFOPLIST_FILE = DreamLister/Info.plist;
				LD_RUNPATH_SEARCH_PATHS = "$(inherited) @executable_path/Frameworks";
				PRODUCT_BUNDLE_IDENTIFIER = com.DreamLister;
				PRODUCT_NAME = "$(TARGET_NAME)";
				SWIFT_VERSION = 3.0;
			};
			name = Debug;
		};
		D7B3504C1F5E24CF00CDFC3B /* Release */ = {
			isa = XCBuildConfiguration;
			buildSettings = {
				ASSETCATALOG_COMPILER_APPICON_NAME = AppIcon;
				INFOPLIST_FILE = DreamLister/Info.plist;
				LD_RUNPATH_SEARCH_PATHS = "$(inherited) @executable_path/Frameworks";
				PRODUCT_BUNDLE_IDENTIFIER = com.DreamLister;
				PRODUCT_NAME = "$(TARGET_NAME)";
				SWIFT_VERSION = 3.0;
			};
			name = Release;
		};
/* End XCBuildConfiguration section */

/* Begin XCConfigurationList section */
		D7B350301F5E24CF00CDFC3B /* Build configuration list for PBXProject "DreamLister" */ = {
			isa = XCConfigurationList;
			buildConfigurations = (
				D7B350481F5E24CF00CDFC3B /* Debug */,
				D7B350491F5E24CF00CDFC3B /* Release */,
			);
			defaultConfigurationIsVisible = 0;
			defaultConfigurationName = Release;
		};
		D7B3504A1F5E24CF00CDFC3B /* Build configuration list for PBXNativeTarget "DreamLister" */ = {
			isa = XCConfigurationList;
			buildConfigurations = (
				D7B3504B1F5E24CF00CDFC3B /* Debug */,
				D7B3504C1F5E24CF00CDFC3B /* Release */,
			);
			defaultConfigurationIsVisible = 0;
		};
/* End XCConfigurationList section */

/* Begin XCVersionGroup section */
		D7B3503F1F5E24CF00CDFC3B /* DreamLister.xcdatamodeld */ = {
			isa = XCVersionGroup;
			children = (
				D7B350401F5E24CF00CDFC3B /* DreamLister.xcdatamodel */,
			);
			currentVersion = D7B350401F5E24CF00CDFC3B /* DreamLister.xcdatamodel */;
			path = DreamLister.xcdatamodeld;
			sourceTree = "<group>";
			versionGroupType = wrapper.xcdatamodel;
		};
/* End XCVersionGroup section */
	};
	rootObject = D7B3502D1F5E24CF00CDFC3B /* Project object */;
}
